
Microsoft Visual Studio Solution File, Format Version 12.00
# Visual Studio Version 16
VisualStudioVersion = 16.0.30711.63
MinimumVisualStudioVersion = 10.0.40219.1
Project("{FAE04EC0-301F-11D3-BF4B-00C04F79EFBC}") = "DependencyInjection_SmallSupport151220", "DependencyInjection_SmallSupport151220\DependencyInjection_SmallSupport151220.csproj", "{B2C7C3FA-FCB0-49DC-965A-B9A3F4EB4A42}"
EndProject
Global
	GlobalSection(SolutionConfigurationPlatforms) = preSolution
		Debug|Any CPU = Debug|Any CPU
		Release|Any CPU = Release|Any CPU
	EndGlobalSection
	GlobalSection(ProjectConfigurationPlatforms) = postSolution
		{B2C7C3FA-FCB0-49DC-965A-B9A3F4EB4A42}.Debug|Any CPU.ActiveCfg = Debug|Any CPU
		{B2C7C3FA-FCB0-49DC-965A-B9A3F4EB4A42}.Debug|Any CPU.Build.0 = Debug|Any CPU
		{B2C7C3FA-FCB0-49DC-965A-B9A3F4EB4A42}.Release|Any CPU.ActiveCfg = Release|Any CPU
		{B2C7C3FA-FCB0-49DC-965A-B9A3F4EB4A42}.Release|Any CPU.Build.0 = Release|Any CPU
	EndGlobalSection
	GlobalSection(SolutionProperties) = preSolution
		HideSolutionNode = FALSE
	EndGlobalSection
	GlobalSection(ExtensibilityGlobals) = postSolution
		SolutionGuid = {3DD73FE9-1A50-4171-9172-7C58E7173726}
	EndGlobalSection
EndGlobal
